
Microsoft Visual Studio Solution File, Format Version 12.00
# Visual Studio Version 17
VisualStudioVersion = 17.5.33402.96
MinimumVisualStudioVersion = 10.0.40219.1
Project("{FAE04EC0-301F-11D3-BF4B-00C04F79EFBC}") = "AntiHarmonyHookDetector", "AntiHarmonyHookDetector\AntiHarmonyHookDetector.csproj", "{BB3C4631-A421-4084-A397-5904D3244E92}"
EndProject
Project("{FAE04EC0-301F-11D3-BF4B-00C04F79EFBC}") = "Hooked", "Hooked\Hooked.csproj", "{8B2A6D04-0E48-407D-8844-4F585441DF0A}"
EndProject
Global
	GlobalSection(SolutionConfigurationPlatforms) = preSolution
		Debug|Any CPU = Debug|Any CPU
		Release|Any CPU = Release|Any CPU
	EndGlobalSection
	GlobalSection(ProjectConfigurationPlatforms) = postSolution
		{BB3C4631-A421-4084-A397-5904D3244E92}.Debug|Any CPU.ActiveCfg = Debug|Any CPU
		{BB3C4631-A421-4084-A397-5904D3244E92}.Debug|Any CPU.Build.0 = Debug|Any CPU
		{BB3C4631-A421-4084-A397-5904D3244E92}.Release|Any CPU.ActiveCfg = Release|Any CPU
		{BB3C4631-A421-4084-A397-5904D3244E92}.Release|Any CPU.Build.0 = Release|Any CPU
		{8B2A6D04-0E48-407D-8844-4F585441DF0A}.Debug|Any CPU.ActiveCfg = Debug|Any CPU
		{8B2A6D04-0E48-407D-8844-4F585441DF0A}.Debug|Any CPU.Build.0 = Debug|Any CPU
		{8B2A6D04-0E48-407D-8844-4F585441DF0A}.Release|Any CPU.ActiveCfg = Release|Any CPU
		{8B2A6D04-0E48-407D-8844-4F585441DF0A}.Release|Any CPU.Build.0 = Release|Any CPU
	EndGlobalSection
	GlobalSection(SolutionProperties) = preSolution
		HideSolutionNode = FALSE
	EndGlobalSection
	GlobalSection(ExtensibilityGlobals) = postSolution
		SolutionGuid = {DED123E3-B8D3-4B29-964E-0356A281A150}
	EndGlobalSection
EndGlobal
